// !$*UTF8*$!
{
	archiveVersion = 1;
	classes = {
	};
	objectVersion = 46;
	objects = {

/* Begin PBXBuildFile section */
		3019A20A1E5189BE000543A0 /* AppDelegate.swift in Sources */ = {isa = PBXBuildFile; fileRef = 3019A2091E5189BE000543A0 /* AppDelegate.swift */; };
		3019A2111E5189BE000543A0 /* Assets.xcassets in Resources */ = {isa = PBXBuildFile; fileRef = 3019A2101E5189BE000543A0 /* Assets.xcassets */; };
		3019A21F1E5189BE000543A0 /* DouYuZBTests.swift in Sources */ = {isa = PBXBuildFile; fileRef = 3019A21E1E5189BE000543A0 /* DouYuZBTests.swift */; };
		3019A22A1E5189BE000543A0 /* DouYuZBUITests.swift in Sources */ = {isa = PBXBuildFile; fileRef = 3019A2291E5189BE000543A0 /* DouYuZBUITests.swift */; };
		3019A2511E51A884000543A0 /* HYMainViewController.swift in Sources */ = {isa = PBXBuildFile; fileRef = 3019A2501E51A884000543A0 /* HYMainViewController.swift */; };
		3019A2531E51A8B8000543A0 /* HYHomeViewController.swift in Sources */ = {isa = PBXBuildFile; fileRef = 3019A2521E51A8B8000543A0 /* HYHomeViewController.swift */; };
		3019A2551E51A8D3000543A0 /* HYFollowViewController.swift in Sources */ = {isa = PBXBuildFile; fileRef = 3019A2541E51A8D3000543A0 /* HYFollowViewController.swift */; };
		3019A2571E51A8DE000543A0 /* HYLiveViewController.swift in Sources */ = {isa = PBXBuildFile; fileRef = 3019A2561E51A8DE000543A0 /* HYLiveViewController.swift */; };
		3032B5521E5308B20032C80A /* HYNavigationViewController.swift in Sources */ = {isa = PBXBuildFile; fileRef = 3032B5511E5308B20032C80A /* HYNavigationViewController.swift */; };
		3032B5541E530C980032C80A /* HYProfileViewController.swift in Sources */ = {isa = PBXBuildFile; fileRef = 3032B5531E530C980032C80A /* HYProfileViewController.swift */; };
/* End PBXBuildFile section */

/* Begin PBXContainerItemProxy section */
		3019A21B1E5189BE000543A0 /* PBXContainerItemProxy */ = {
			isa = PBXContainerItemProxy;
			containerPortal = 3019A1FE1E5189BE000543A0 /* Project object */;
			proxyType = 1;
			remoteGlobalIDString = 3019A2051E5189BE000543A0;
			remoteInfo = DouYuZB;
		};
		3019A2261E5189BE000543A0 /* PBXContainerItemProxy */ = {
			isa = PBXContainerItemProxy;
			containerPortal = 3019A1FE1E5189BE000543A0 /* Project object */;
			proxyType = 1;
			remoteGlobalIDString = 3019A2051E5189BE000543A0;
			remoteInfo = DouYuZB;
		};
/* End PBXContainerItemProxy section */

/* Begin PBXFileReference section */
		3019A2061E5189BE000543A0 /* DouYuZB.app */ = {isa = PBXFileReference; explicitFileType = wrapper.application; includeInIndex = 0; path = DouYuZB.app; sourceTree = BUILT_PRODUCTS_DIR; };
		3019A2091E5189BE000543A0 /* AppDelegate.swift */ = {isa = PBXFileReference; lastKnownFileType = sourcecode.swift; path = AppDelegate.swift; sourceTree = "<group>"; };
		3019A2101E5189BE000543A0 /* Assets.xcassets */ = {isa = PBXFileReference; lastKnownFileType = folder.assetcatalog; path = Assets.xcassets; sourceTree = "<group>"; };
		3019A2151E5189BE000543A0 /* Info.plist */ = {isa = PBXFileReference; lastKnownFileType = text.plist.xml; path = Info.plist; sourceTree = "<group>"; };
		3019A21A1E5189BE000543A0 /* DouYuZBTests.xctest */ = {isa = PBXFileReference; explicitFileType = wrapper.cfbundle; includeInIndex = 0; path = DouYuZBTests.xctest; sourceTree = BUILT_PRODUCTS_DIR; };
		3019A21E1E5189BE000543A0 /* DouYuZBTests.swift */ = {isa = PBXFileReference; lastKnownFileType = sourcecode.swift; path = DouYuZBTests.swift; sourceTree = "<group>"; };
		3019A2201E5189BE000543A0 /* Info.plist */ = {isa = PBXFileReference; lastKnownFileType = text.plist.xml; path = Info.plist; sourceTree = "<group>"; };
		3019A2251E5189BE000543A0 /* DouYuZBUITests.xctest */ = {isa = PBXFileReference; explicitFileType = wrapper.cfbundle; includeInIndex = 0; path = DouYuZBUITests.xctest; sourceTree = BUILT_PRODUCTS_DIR; };
		3019A2291E5189BE000543A0 /* DouYuZBUITests.swift */ = {isa = PBXFileReference; lastKnownFileType = sourcecode.swift; path = DouYuZBUITests.swift; sourceTree = "<group>"; };
		3019A22B1E5189BE000543A0 /* Info.plist */ = {isa = PBXFileReference; lastKnownFileType = text.plist.xml; path = Info.plist; sourceTree = "<group>"; };
		3019A2501E51A884000543A0 /* HYMainViewController.swift */ = {isa = PBXFileReference; fileEncoding = 4; lastKnownFileType = sourcecode.swift; path = HYMainViewController.swift; sourceTree = "<group>"; };
		3019A2521E51A8B8000543A0 /* HYHomeViewController.swift */ = {isa = PBXFileReference; fileEncoding = 4; lastKnownFileType = sourcecode.swift; path = HYHomeViewController.swift; sourceTree = "<group>"; };
		3019A2541E51A8D3000543A0 /* HYFollowViewController.swift */ = {isa = PBXFileReference; fileEncoding = 4; lastKnownFileType = sourcecode.swift; path = HYFollowViewController.swift; sourceTree = "<group>"; };
		3019A2561E51A8DE000543A0 /* HYLiveViewController.swift */ = {isa = PBXFileReference; fileEncoding = 4; lastKnownFileType = sourcecode.swift; path = HYLiveViewController.swift; sourceTree = "<group>"; };
		3032B5511E5308B20032C80A /* HYNavigationViewController.swift */ = {isa = PBXFileReference; fileEncoding = 4; lastKnownFileType = sourcecode.swift; path = HYNavigationViewController.swift; sourceTree = "<group>"; };
		3032B5531E530C980032C80A /* HYProfileViewController.swift */ = {isa = PBXFileReference; fileEncoding = 4; lastKnownFileType = sourcecode.swift; path = HYProfileViewController.swift; sourceTree = "<group>"; };
/* End PBXFileReference section */

/* Begin PBXFrameworksBuildPhase section */
		3019A2031E5189BE000543A0 /* Frameworks */ = {
			isa = PBXFrameworksBuildPhase;
			buildActionMask = 2147483647;
			files = (
			);
			runOnlyForDeploymentPostprocessing = 0;
		};
		3019A2171E5189BE000543A0 /* Frameworks */ = {
			isa = PBXFrameworksBuildPhase;
			buildActionMask = 2147483647;
			files = (
			);
			runOnlyForDeploymentPostprocessing = 0;
		};
		3019A2221E5189BE000543A0 /* Frameworks */ = {
			isa = PBXFrameworksBuildPhase;
			buildActionMask = 2147483647;
			files = (
			);
			runOnlyForDeploymentPostprocessing = 0;
		};
/* End PBXFrameworksBuildPhase section */

/* Begin PBXGroup section */
		3019A1FD1E5189BE000543A0 = {
			isa = PBXGroup;
			children = (
				3019A2081E5189BE000543A0 /* DouYuZB */,
				3019A21D1E5189BE000543A0 /* DouYuZBTests */,
				3019A2281E5189BE000543A0 /* DouYuZBUITests */,
				3019A2071E5189BE000543A0 /* Products */,
			);
			sourceTree = "<group>";
		};
		3019A2071E5189BE000543A0 /* Products */ = {
			isa = PBXGroup;
			children = (
				3019A2061E5189BE000543A0 /* DouYuZB.app */,
				3019A21A1E5189BE000543A0 /* DouYuZBTests.xctest */,
				3019A2251E5189BE000543A0 /* DouYuZBUITests.xctest */,
			);
			name = Products;
			sourceTree = "<group>";
		};
		3019A2081E5189BE000543A0 /* DouYuZB */ = {
			isa = PBXGroup;
			children = (
				3019A2091E5189BE000543A0 /* AppDelegate.swift */,
				3019A2391E518EFF000543A0 /* Classes */,
				3019A2101E5189BE000543A0 /* Assets.xcassets */,
				3019A2151E5189BE000543A0 /* Info.plist */,
			);
			path = DouYuZB;
			sourceTree = "<group>";
		};
		3019A21D1E5189BE000543A0 /* DouYuZBTests */ = {
			isa = PBXGroup;
			children = (
				3019A21E1E5189BE000543A0 /* DouYuZBTests.swift */,
				3019A2201E5189BE000543A0 /* Info.plist */,
			);
			path = DouYuZBTests;
			sourceTree = "<group>";
		};
		3019A2281E5189BE000543A0 /* DouYuZBUITests */ = {
			isa = PBXGroup;
			children = (
				3019A2291E5189BE000543A0 /* DouYuZBUITests.swift */,
				3019A22B1E5189BE000543A0 /* Info.plist */,
			);
			path = DouYuZBUITests;
			sourceTree = "<group>";
		};
		3019A2391E518EFF000543A0 /* Classes */ = {
			isa = PBXGroup;
			children = (
				3019A23F1E518EFF000543A0 /* Tools */,
				3019A23D1E518EFF000543A0 /* Main */,
				3019A23B1E518EFF000543A0 /* Home */,
				3019A23A1E518EFF000543A0 /* Follow */,
				3019A23C1E518EFF000543A0 /* Live */,
				3019A23E1E518EFF000543A0 /* Profile */,
			);
			path = Classes;
			sourceTree = "<group>";
		};
		3019A23A1E518EFF000543A0 /* Follow */ = {
			isa = PBXGroup;
			children = (
				3019A2541E51A8D3000543A0 /* HYFollowViewController.swift */,
			);
			path = Follow;
			sourceTree = "<group>";
		};
		3019A23B1E518EFF000543A0 /* Home */ = {
			isa = PBXGroup;
			children = (
				3019A2521E51A8B8000543A0 /* HYHomeViewController.swift */,
			);
			path = Home;
			sourceTree = "<group>";
		};
		3019A23C1E518EFF000543A0 /* Live */ = {
			isa = PBXGroup;
			children = (
				3019A2561E51A8DE000543A0 /* HYLiveViewController.swift */,
			);
			path = Live;
			sourceTree = "<group>";
		};
		3019A23D1E518EFF000543A0 /* Main */ = {
			isa = PBXGroup;
			children = (
				3019A2501E51A884000543A0 /* HYMainViewController.swift */,
				3032B5511E5308B20032C80A /* HYNavigationViewController.swift */,
			);
			path = Main;
			sourceTree = "<group>";
		};
		3019A23E1E518EFF000543A0 /* Profile */ = {
			isa = PBXGroup;
			children = (
				3032B5531E530C980032C80A /* HYProfileViewController.swift */,
			);
			path = Profile;
			sourceTree = "<group>";
		};
		3019A23F1E518EFF000543A0 /* Tools */ = {
			isa = PBXGroup;
			children = (
			);
			path = Tools;
			sourceTree = "<group>";
		};
/* End PBXGroup section */

/* Begin PBXNativeTarget section */
		3019A2051E5189BE000543A0 /* DouYuZB */ = {
			isa = PBXNativeTarget;
			buildConfigurationList = 3019A22E1E5189BE000543A0 /* Build configuration list for PBXNativeTarget "DouYuZB" */;
			buildPhases = (
				3019A2021E5189BE000543A0 /* Sources */,
				3019A2031E5189BE000543A0 /* Frameworks */,
				3019A2041E5189BE000543A0 /* Resources */,
			);
			buildRules = (
			);
			dependencies = (
			);
			name = DouYuZB;
			productName = DouYuZB;
			productReference = 3019A2061E5189BE000543A0 /* DouYuZB.app */;
			productType = "com.apple.product-type.application";
		};
		3019A2191E5189BE000543A0 /* DouYuZBTests */ = {
			isa = PBXNativeTarget;
			buildConfigurationList = 3019A2311E5189BE000543A0 /* Build configuration list for PBXNativeTarget "DouYuZBTests" */;
			buildPhases = (
				3019A2161E5189BE000543A0 /* Sources */,
				3019A2171E5189BE000543A0 /* Frameworks */,
				3019A2181E5189BE000543A0 /* Resources */,
			);
			buildRules = (
			);
			dependencies = (
				3019A21C1E5189BE000543A0 /* PBXTargetDependency */,
			);
			name = DouYuZBTests;
			productName = DouYuZBTests;
			productReference = 3019A21A1E5189BE000543A0 /* DouYuZBTests.xctest */;
			productType = "com.apple.product-type.bundle.unit-test";
		};
		3019A2241E5189BE000543A0 /* DouYuZBUITests */ = {
			isa = PBXNativeTarget;
			buildConfigurationList = 3019A2341E5189BE000543A0 /* Build configuration list for PBXNativeTarget "DouYuZBUITests" */;
			buildPhases = (
				3019A2211E5189BE000543A0 /* Sources */,
				3019A2221E5189BE000543A0 /* Frameworks */,
				3019A2231E5189BE000543A0 /* Resources */,
			);
			buildRules = (
			);
			dependencies = (
				3019A2271E5189BE000543A0 /* PBXTargetDependency */,
			);
			name = DouYuZBUITests;
			productName = DouYuZBUITests;
			productReference = 3019A2251E5189BE000543A0 /* DouYuZBUITests.xctest */;
			productType = "com.apple.product-type.bundle.ui-testing";
		};
/* End PBXNativeTarget section */

/* Begin PBXProject section */
		3019A1FE1E5189BE000543A0 /* Project object */ = {
			isa = PBXProject;
			attributes = {
				CLASSPREFIX = HY;
				LastSwiftUpdateCheck = 0820;
				LastUpgradeCheck = 0820;
				ORGANIZATIONNAME = ouyang;
				TargetAttributes = {
					3019A2051E5189BE000543A0 = {
						CreatedOnToolsVersion = 8.2.1;
						ProvisioningStyle = Automatic;
					};
					3019A2191E5189BE000543A0 = {
						CreatedOnToolsVersion = 8.2.1;
						ProvisioningStyle = Automatic;
						TestTargetID = 3019A2051E5189BE000543A0;
					};
					3019A2241E5189BE000543A0 = {
						CreatedOnToolsVersion = 8.2.1;
						ProvisioningStyle = Automatic;
						TestTargetID = 3019A2051E5189BE000543A0;
					};
				};
			};
			buildConfigurationList = 3019A2011E5189BE000543A0 /* Build configuration list for PBXProject "DouYuZB" */;
			compatibilityVersion = "Xcode 3.2";
			developmentRegion = English;
			hasScannedForEncodings = 0;
			knownRegions = (
				en,
				Base,
			);
			mainGroup = 3019A1FD1E5189BE000543A0;
			productRefGroup = 3019A2071E5189BE000543A0 /* Products */;
			projectDirPath = "";
			projectRoot = "";
			targets = (
				3019A2051E5189BE000543A0 /* DouYuZB */,
				3019A2191E5189BE000543A0 /* DouYuZBTests */,
				3019A2241E5189BE000543A0 /* DouYuZBUITests */,
			);
		};
/* End PBXProject section */

/* Begin PBXResourcesBuildPhase section */
		3019A2041E5189BE000543A0 /* Resources */ = {
			isa = PBXResourcesBuildPhase;
			buildActionMask = 2147483647;
			files = (
				3019A2111E5189BE000543A0 /* Assets.xcassets in Resources */,
			);
			runOnlyForDeploymentPostprocessing = 0;
		};
		3019A2181E5189BE000543A0 /* Resources */ = {
			isa = PBXResourcesBuildPhase;
			buildActionMask = 2147483647;
			files = (
			);
			runOnlyForDeploymentPostprocessing = 0;
		};
		3019A2231E5189BE000543A0 /* Resources */ = {
			isa = PBXResourcesBuildPhase;
			buildActionMask = 2147483647;
			files = (
			);
			runOnlyForDeploymentPostprocessing = 0;
		};
/* End PBXResourcesBuildPhase section */

/* Begin PBXSourcesBuildPhase section */
		3019A2021E5189BE000543A0 /* Sources */ = {
			isa = PBXSourcesBuildPhase;
			buildActionMask = 2147483647;
			files = (
				3019A2531E51A8B8000543A0 /* HYHomeViewController.swift in Sources */,
				3032B5541E530C980032C80A /* HYProfileViewController.swift in Sources */,
				3019A2511E51A884000543A0 /* HYMainViewController.swift in Sources */,
				3032B5521E5308B20032C80A /* HYNavigationViewController.swift in Sources */,
				3019A2551E51A8D3000543A0 /* HYFollowViewController.swift in Sources */,
				3019A20A1E5189BE000543A0 /* AppDelegate.swift in Sources */,
				3019A2571E51A8DE000543A0 /* HYLiveViewController.swift in Sources */,
			);
			runOnlyForDeploymentPostprocessing = 0;
		};
		3019A2161E5189BE000543A0 /* Sources */ = {
			isa = PBXSourcesBuildPhase;
			buildActionMask = 2147483647;
			files = (
				3019A21F1E5189BE000543A0 /* DouYuZBTests.swift in Sources */,
			);
			runOnlyForDeploymentPostprocessing = 0;
		};
		3019A2211E5189BE000543A0 /* Sources */ = {
			isa = PBXSourcesBuildPhase;
			buildActionMask = 2147483647;
			files = (
				3019A22A1E5189BE000543A0 /* DouYuZBUITests.swift in Sources */,
			);
			runOnlyForDeploymentPostprocessing = 0;
		};
/* End PBXSourcesBuildPhase section */

/* Begin PBXTargetDependency section */
		3019A21C1E5189BE000543A0 /* PBXTargetDependency */ = {
			isa = PBXTargetDependency;
			target = 3019A2051E5189BE000543A0 /* DouYuZB */;
			targetProxy = 3019A21B1E5189BE000543A0 /* PBXContainerItemProxy */;
		};
		3019A2271E5189BE000543A0 /* PBXTargetDependency */ = {
			isa = PBXTargetDependency;
			target = 3019A2051E5189BE000543A0 /* DouYuZB */;
			targetProxy = 3019A2261E5189BE000543A0 /* PBXContainerItemProxy */;
		};
/* End PBXTargetDependency section */

/* Begin XCBuildConfiguration section */
		3019A22C1E5189BE000543A0 /* Debug */ = {
			isa = XCBuildConfiguration;
			buildSettings = {
				ALWAYS_SEARCH_USER_PATHS = NO;
				CLANG_ANALYZER_NONNULL = YES;
				CLANG_CXX_LANGUAGE_STANDARD = "gnu++0x";
				CLANG_CXX_LIBRARY = "libc++";
				CLANG_ENABLE_MODULES = YES;
				CLANG_ENABLE_OBJC_ARC = YES;
				CLANG_WARN_BOOL_CONVERSION = YES;
				CLANG_WARN_CONSTANT_CONVERSION = YES;
				CLANG_WARN_DIRECT_OBJC_ISA_USAGE = YES_ERROR;
				CLANG_WARN_DOCUMENTATION_COMMENTS = YES;
				CLANG_WARN_EMPTY_BODY = YES;
				CLANG_WARN_ENUM_CONVERSION = YES;
				CLANG_WARN_INFINITE_RECURSION = YES;
				CLANG_WARN_INT_CONVERSION = YES;
				CLANG_WARN_OBJC_ROOT_CLASS = YES_ERROR;
				CLANG_WARN_SUSPICIOUS_MOVE = YES;
				CLANG_WARN_UNREACHABLE_CODE = YES;
				CLANG_WARN__DUPLICATE_METHOD_MATCH = YES;
				"CODE_SIGN_IDENTITY[sdk=iphoneos*]" = "iPhone Developer";
				COPY_PHASE_STRIP = NO;
				DEBUG_INFORMATION_FORMAT = dwarf;
				ENABLE_STRICT_OBJC_MSGSEND = YES;
				ENABLE_TESTABILITY = YES;
				GCC_C_LANGUAGE_STANDARD = gnu99;
				GCC_DYNAMIC_NO_PIC = NO;
				GCC_NO_COMMON_BLOCKS = YES;
				GCC_OPTIMIZATION_LEVEL = 0;
				GCC_PREPROCESSOR_DEFINITIONS = (
					"DEBUG=1",
					"$(inherited)",
				);
				GCC_WARN_64_TO_32_BIT_CONVERSION = YES;
				GCC_WARN_ABOUT_RETURN_TYPE = YES_ERROR;
				GCC_WARN_UNDECLARED_SELECTOR = YES;
				GCC_WARN_UNINITIALIZED_AUTOS = YES_AGGRESSIVE;
				GCC_WARN_UNUSED_FUNCTION = YES;
				GCC_WARN_UNUSED_VARIABLE = YES;
				IPHONEOS_DEPLOYMENT_TARGET = 10.2;
				MTL_ENABLE_DEBUG_INFO = YES;
				ONLY_ACTIVE_ARCH = YES;
				SDKROOT = iphoneos;
				SWIFT_ACTIVE_COMPILATION_CONDITIONS = DEBUG;
				SWIFT_OPTIMIZATION_LEVEL = "-Onone";
				TARGETED_DEVICE_FAMILY = "1,2";
			};
			name = Debug;
		};
		3019A22D1E5189BE000543A0 /* Release */ = {
			isa = XCBuildConfiguration;
			buildSettings = {
				ALWAYS_SEARCH_USER_PATHS = NO;
				CLANG_ANALYZER_NONNULL = YES;
				CLANG_CXX_LANGUAGE_STANDARD = "gnu++0x";
				CLANG_CXX_LIBRARY = "libc++";
				CLANG_ENABLE_MODULES = YES;
				CLANG_ENABLE_OBJC_ARC = YES;
				CLANG_WARN_BOOL_CONVERSION = YES;
				CLANG_WARN_CONSTANT_CONVERSION = YES;
				CLANG_WARN_DIRECT_OBJC_ISA_USAGE = YES_ERROR;
				CLANG_WARN_DOCUMENTATION_COMMENTS = YES;
				CLANG_WARN_EMPTY_BODY = YES;
				CLANG_WARN_ENUM_CONVERSION = YES;
				CLANG_WARN_INFINITE_RECURSION = YES;
				CLANG_WARN_INT_CONVERSION = YES;
				CLANG_WARN_OBJC_ROOT_CLASS = YES_ERROR;
				CLANG_WARN_SUSPICIOUS_MOVE = YES;
				CLANG_WARN_UNREACHABLE_CODE = YES;
				CLANG_WARN__DUPLICATE_METHOD_MATCH = YES;
				"CODE_SIGN_IDENTITY[sdk=iphoneos*]" = "iPhone Developer";
				COPY_PHASE_STRIP = NO;
				DEBUG_INFORMATION_FORMAT = "dwarf-with-dsym";
				ENABLE_NS_ASSERTIONS = NO;
				ENABLE_STRICT_OBJC_MSGSEND = YES;
				GCC_C_LANGUAGE_STANDARD = gnu99;
				GCC_NO_COMMON_BLOCKS = YES;
				GCC_WARN_64_TO_32_BIT_CONVERSION = YES;
				GCC_WARN_ABOUT_RETURN_TYPE = YES_ERROR;
				GCC_WARN_UNDECLARED_SELECTOR = YES;
				GCC_WARN_UNINITIALIZED_AUTOS = YES_AGGRESSIVE;
				GCC_WARN_UNUSED_FUNCTION = YES;
				GCC_WARN_UNUSED_VARIABLE = YES;
				IPHONEOS_DEPLOYMENT_TARGET = 10.2;
				MTL_ENABLE_DEBUG_INFO = NO;
				SDKROOT = iphoneos;
				SWIFT_OPTIMIZATION_LEVEL = "-Owholemodule";
				TARGETED_DEVICE_FAMILY = "1,2";
				VALIDATE_PRODUCT = YES;
			};
			name = Release;
		};
		3019A22F1E5189BE000543A0 /* Debug */ = {
			isa = XCBuildConfiguration;
			buildSettings = {
				ASSETCATALOG_COMPILER_APPICON_NAME = AppIcon;
				ASSETCATALOG_COMPILER_LAUNCHIMAGE_NAME = LaunchImage;
				INFOPLIST_FILE = DouYuZB/Info.plist;
				IPHONEOS_DEPLOYMENT_TARGET = 8.0;
				LD_RUNPATH_SEARCH_PATHS = "$(inherited) @executable_path/Frameworks";
				PRODUCT_BUNDLE_IDENTIFIER = com.huaban.DouYuZB;
				PRODUCT_NAME = "$(TARGET_NAME)";
				SWIFT_VERSION = 3.0;
				TARGETED_DEVICE_FAMILY = 1;
			};
			name = Debug;
		};
		3019A2301E5189BE000543A0 /* Release */ = {
			isa = XCBuildConfiguration;
			buildSettings = {
				ASSETCATALOG_COMPILER_APPICON_NAME = AppIcon;
				ASSETCATALOG_COMPILER_LAUNCHIMAGE_NAME = LaunchImage;
				INFOPLIST_FILE = DouYuZB/Info.plist;
				IPHONEOS_DEPLOYMENT_TARGET = 8.0;
				LD_RUNPATH_SEARCH_PATHS = "$(inherited) @executable_path/Frameworks";
				PRODUCT_BUNDLE_IDENTIFIER = com.huaban.DouYuZB;
				PRODUCT_NAME = "$(TARGET_NAME)";
				SWIFT_VERSION = 3.0;
				TARGETED_DEVICE_FAMILY = 1;
			};
			name = Release;
		};
		3019A2321E5189BE000543A0 /* Debug */ = {
			isa = XCBuildConfiguration;
			buildSettings = {
				ALWAYS_EMBED_SWIFT_STANDARD_LIBRARIES = YES;
				BUNDLE_LOADER = "$(TEST_HOST)";
				INFOPLIST_FILE = DouYuZBTests/Info.plist;
				LD_RUNPATH_SEARCH_PATHS = "$(inherited) @executable_path/Frameworks @loader_path/Frameworks";
				PRODUCT_BUNDLE_IDENTIFIER = com.huaban.DouYuZBTests;
				PRODUCT_NAME = "$(TARGET_NAME)";
				SWIFT_VERSION = 3.0;
				TEST_HOST = "$(BUILT_PRODUCTS_DIR)/DouYuZB.app/DouYuZB";
			};
			name = Debug;
		};
		3019A2331E5189BE000543A0 /* Release */ = {
			isa = XCBuildConfiguration;
			buildSettings = {
				ALWAYS_EMBED_SWIFT_STANDARD_LIBRARIES = YES;
				BUNDLE_LOADER = "$(TEST_HOST)";
				INFOPLIST_FILE = DouYuZBTests/Info.plist;
				LD_RUNPATH_SEARCH_PATHS = "$(inherited) @executable_path/Frameworks @loader_path/Frameworks";
				PRODUCT_BUNDLE_IDENTIFIER = com.huaban.DouYuZBTests;
				PRODUCT_NAME = "$(TARGET_NAME)";
				SWIFT_VERSION = 3.0;
				TEST_HOST = "$(BUILT_PRODUCTS_DIR)/DouYuZB.app/DouYuZB";
			};
			name = Release;
		};
		3019A2351E5189BE000543A0 /* Debug */ = {
			isa = XCBuildConfiguration;
			buildSettings = {
				ALWAYS_EMBED_SWIFT_STANDARD_LIBRARIES = YES;
				INFOPLIST_FILE = DouYuZBUITests/Info.plist;
				LD_RUNPATH_SEARCH_PATHS = "$(inherited) @executable_path/Frameworks @loader_path/Frameworks";
				PRODUCT_BUNDLE_IDENTIFIER = com.huaban.DouYuZBUITests;
				PRODUCT_NAME = "$(TARGET_NAME)";
				SWIFT_VERSION = 3.0;
				TEST_TARGET_NAME = DouYuZB;
			};
			name = Debug;
		};
		3019A2361E5189BE000543A0 /* Release */ = {
			isa = XCBuildConfiguration;
			buildSettings = {
				ALWAYS_EMBED_SWIFT_STANDARD_LIBRARIES = YES;
				INFOPLIST_FILE = DouYuZBUITests/Info.plist;
				LD_RUNPATH_SEARCH_PATHS = "$(inherited) @executable_path/Frameworks @loader_path/Frameworks";
				PRODUCT_BUNDLE_IDENTIFIER = com.huaban.DouYuZBUITests;
				PRODUCT_NAME = "$(TARGET_NAME)";
				SWIFT_VERSION = 3.0;
				TEST_TARGET_NAME = DouYuZB;
			};
			name = Release;
		};
/* End XCBuildConfiguration section */

/* Begin XCConfigurationList section */
		3019A2011E5189BE000543A0 /* Build configuration list for PBXProject "DouYuZB" */ = {
			isa = XCConfigurationList;
			buildConfigurations = (
				3019A22C1E5189BE000543A0 /* Debug */,
				3019A22D1E5189BE000543A0 /* Release */,
			);
			defaultConfigurationIsVisible = 0;
			defaultConfigurationName = Release;
		};
		3019A22E1E5189BE000543A0 /* Build configuration list for PBXNativeTarget "DouYuZB" */ = {
			isa = XCConfigurationList;
			buildConfigurations = (
				3019A22F1E5189BE000543A0 /* Debug */,
				3019A2301E5189BE000543A0 /* Release */,
			);
			defaultConfigurationIsVisible = 0;
			defaultConfigurationName = Release;
		};
		3019A2311E5189BE000543A0 /* Build configuration list for PBXNativeTarget "DouYuZBTests" */ = {
			isa = XCConfigurationList;
			buildConfigurations = (
				3019A2321E5189BE000543A0 /* Debug */,
				3019A2331E5189BE000543A0 /* Release */,
			);
			defaultConfigurationIsVisible = 0;
			defaultConfigurationName = Release;
		};
		3019A2341E5189BE000543A0 /* Build configuration list for PBXNativeTarget "DouYuZBUITests" */ = {
			isa = XCConfigurationList;
			buildConfigurations = (
				3019A2351E5189BE000543A0 /* Debug */,
				3019A2361E5189BE000543A0 /* Release */,
			);
			defaultConfigurationIsVisible = 0;
			defaultConfigurationName = Release;
		};
/* End XCConfigurationList section */
	};
	rootObject = 3019A1FE1E5189BE000543A0 /* Project object */;
}
